
Microsoft Visual Studio Solution File, Format Version 12.00
# Visual Studio Version 17
VisualStudioVersion = 17.7.34202.233
MinimumVisualStudioVersion = 10.0.40219.1
Project("{2150E333-8FDC-42A3-9474-1A3956D46DE8}") = "Components", "Components", "{20C4E5BE-A09E-49DF-B4D2-F01785B7D483}"
EndProject
Project("{2150E333-8FDC-42A3-9474-1A3956D46DE8}") = "Libs", "Libs", "{20A10D9B-F726-43F2-A6CA-7A372DA05495}"
EndProject
Project("{2150E333-8FDC-42A3-9474-1A3956D46DE8}") = "Tests", "Tests", "{3114FA54-20E0-4A79-8575-0B038B836AC9}"
EndProject
Project("{2150E333-8FDC-42A3-9474-1A3956D46DE8}") = "Web", "Web", "{05C90F29-FC03-42E2-B41B-49FCC96D258C}"
EndProject
Project("{9A19103F-16F7-4668-BE54-9A1E7A4F7556}") = "API", "API\API.csproj", "{37C4F5E7-DDE5-41E6-848C-5BD84504811D}"
EndProject
Project("{9A19103F-16F7-4668-BE54-9A1E7A4F7556}") = "Bases", "Bases\Bases.csproj", "{60A906E1-8AB8-4C77-B9DF-CAAE8EDEE34A}"
EndProject
Project("{9A19103F-16F7-4668-BE54-9A1E7A4F7556}") = "Exceptions", "Exceptions\Exceptions.csproj", "{F242A115-6211-403A-B712-70CC007DFF21}"
EndProject
Project("{9A19103F-16F7-4668-BE54-9A1E7A4F7556}") = "Extensions", "Extensions\Extensions.csproj", "{E41838C8-3010-4B92-91D4-712D1B1AF559}"
EndProject
Project("{9A19103F-16F7-4668-BE54-9A1E7A4F7556}") = "Filters", "Filters\Filters.csproj", "{F8FBAF74-D61A-4F8C-B8A2-714153D50B66}"
EndProject
Project("{9A19103F-16F7-4668-BE54-9A1E7A4F7556}") = "Localization", "Localization\Localization.csproj", "{010F88BC-B1F7-46FD-9DB2-3E31E81D424B}"
EndProject
Project("{9A19103F-16F7-4668-BE54-9A1E7A4F7556}") = "Middleware", "Middleware\Middleware.csproj", "{170616E5-408C-4268-A603-FCC61641A78E}"
EndProject
Project("{9A19103F-16F7-4668-BE54-9A1E7A4F7556}") = "Models", "Models\Models.csproj", "{6C3EF1E9-4871-476F-855F-24C13B529C4A}"
EndProject
Project("{9A19103F-16F7-4668-BE54-9A1E7A4F7556}") = "Helpers", "Helpers\Helpers.csproj", "{66DDCEAF-CFDF-4E7D-A5DA-BCB880A4090C}"
EndProject
Project("{9A19103F-16F7-4668-BE54-9A1E7A4F7556}") = "MappingProfiles", "MappingProfiles\MappingProfiles.csproj", "{23002594-1570-425F-AB42-CDCA01056239}"
EndProject
Project("{9A19103F-16F7-4668-BE54-9A1E7A4F7556}") = "Validations", "Validations\Validations.csproj", "{25E03AE8-EB98-4B37-8BE0-EBB07E0709E3}"
EndProject
Project("{FAE04EC0-301F-11D3-BF4B-00C04F79EFBC}") = "Application", "Application\Application.csproj", "{509FF664-D733-4A62-B372-4EDC31127FC1}"
EndProject
Global
	GlobalSection(SolutionConfigurationPlatforms) = preSolution
		Debug|Any CPU = Debug|Any CPU
		Release|Any CPU = Release|Any CPU
	EndGlobalSection
	GlobalSection(ProjectConfigurationPlatforms) = postSolution
		{37C4F5E7-DDE5-41E6-848C-5BD84504811D}.Debug|Any CPU.ActiveCfg = Debug|Any CPU
		{37C4F5E7-DDE5-41E6-848C-5BD84504811D}.Debug|Any CPU.Build.0 = Debug|Any CPU
		{37C4F5E7-DDE5-41E6-848C-5BD84504811D}.Release|Any CPU.ActiveCfg = Release|Any CPU
		{37C4F5E7-DDE5-41E6-848C-5BD84504811D}.Release|Any CPU.Build.0 = Release|Any CPU
		{60A906E1-8AB8-4C77-B9DF-CAAE8EDEE34A}.Debug|Any CPU.ActiveCfg = Debug|Any CPU
		{60A906E1-8AB8-4C77-B9DF-CAAE8EDEE34A}.Debug|Any CPU.Build.0 = Debug|Any CPU
		{60A906E1-8AB8-4C77-B9DF-CAAE8EDEE34A}.Release|Any CPU.ActiveCfg = Release|Any CPU
		{60A906E1-8AB8-4C77-B9DF-CAAE8EDEE34A}.Release|Any CPU.Build.0 = Release|Any CPU
		{F242A115-6211-403A-B712-70CC007DFF21}.Debug|Any CPU.ActiveCfg = Debug|Any CPU
		{F242A115-6211-403A-B712-70CC007DFF21}.Debug|Any CPU.Build.0 = Debug|Any CPU
		{F242A115-6211-403A-B712-70CC007DFF21}.Release|Any CPU.ActiveCfg = Release|Any CPU
		{F242A115-6211-403A-B712-70CC007DFF21}.Release|Any CPU.Build.0 = Release|Any CPU
		{E41838C8-3010-4B92-91D4-712D1B1AF559}.Debug|Any CPU.ActiveCfg = Debug|Any CPU
		{E41838C8-3010-4B92-91D4-712D1B1AF559}.Debug|Any CPU.Build.0 = Debug|Any CPU
		{E41838C8-3010-4B92-91D4-712D1B1AF559}.Release|Any CPU.ActiveCfg = Release|Any CPU
		{E41838C8-3010-4B92-91D4-712D1B1AF559}.Release|Any CPU.Build.0 = Release|Any CPU
		{F8FBAF74-D61A-4F8C-B8A2-714153D50B66}.Debug|Any CPU.ActiveCfg = Debug|Any CPU
		{F8FBAF74-D61A-4F8C-B8A2-714153D50B66}.Debug|Any CPU.Build.0 = Debug|Any CPU
		{F8FBAF74-D61A-4F8C-B8A2-714153D50B66}.Release|Any CPU.ActiveCfg = Release|Any CPU
		{F8FBAF74-D61A-4F8C-B8A2-714153D50B66}.Release|Any CPU.Build.0 = Release|Any CPU
		{010F88BC-B1F7-46FD-9DB2-3E31E81D424B}.Debug|Any CPU.ActiveCfg = Debug|Any CPU
		{010F88BC-B1F7-46FD-9DB2-3E31E81D424B}.Debug|Any CPU.Build.0 = Debug|Any CPU
		{010F88BC-B1F7-46FD-9DB2-3E31E81D424B}.Release|Any CPU.ActiveCfg = Release|Any CPU
		{010F88BC-B1F7-46FD-9DB2-3E31E81D424B}.Release|Any CPU.Build.0 = Release|Any CPU
		{170616E5-408C-4268-A603-FCC61641A78E}.Debug|Any CPU.ActiveCfg = Debug|Any CPU
		{170616E5-408C-4268-A603-FCC61641A78E}.Debug|Any CPU.Build.0 = Debug|Any CPU
		{170616E5-408C-4268-A603-FCC61641A78E}.Release|Any CPU.ActiveCfg = Release|Any CPU
		{170616E5-408C-4268-A603-FCC61641A78E}.Release|Any CPU.Build.0 = Release|Any CPU
		{6C3EF1E9-4871-476F-855F-24C13B529C4A}.Debug|Any CPU.ActiveCfg = Debug|Any CPU
		{6C3EF1E9-4871-476F-855F-24C13B529C4A}.Debug|Any CPU.Build.0 = Debug|Any CPU
		{6C3EF1E9-4871-476F-855F-24C13B529C4A}.Release|Any CPU.ActiveCfg = Release|Any CPU
		{6C3EF1E9-4871-476F-855F-24C13B529C4A}.Release|Any CPU.Build.0 = Release|Any CPU
		{66DDCEAF-CFDF-4E7D-A5DA-BCB880A4090C}.Debug|Any CPU.ActiveCfg = Debug|Any CPU
		{66DDCEAF-CFDF-4E7D-A5DA-BCB880A4090C}.Debug|Any CPU.Build.0 = Debug|Any CPU
		{66DDCEAF-CFDF-4E7D-A5DA-BCB880A4090C}.Release|Any CPU.ActiveCfg = Release|Any CPU
		{66DDCEAF-CFDF-4E7D-A5DA-BCB880A4090C}.Release|Any CPU.Build.0 = Release|Any CPU
		{23002594-1570-425F-AB42-CDCA01056239}.Debug|Any CPU.ActiveCfg = Debug|Any CPU
		{23002594-1570-425F-AB42-CDCA01056239}.Debug|Any CPU.Build.0 = Debug|Any CPU
		{23002594-1570-425F-AB42-CDCA01056239}.Release|Any CPU.ActiveCfg = Release|Any CPU
		{23002594-1570-425F-AB42-CDCA01056239}.Release|Any CPU.Build.0 = Release|Any CPU
		{25E03AE8-EB98-4B37-8BE0-EBB07E0709E3}.Debug|Any CPU.ActiveCfg = Debug|Any CPU
		{25E03AE8-EB98-4B37-8BE0-EBB07E0709E3}.Debug|Any CPU.Build.0 = Debug|Any CPU
		{25E03AE8-EB98-4B37-8BE0-EBB07E0709E3}.Release|Any CPU.ActiveCfg = Release|Any CPU
		{25E03AE8-EB98-4B37-8BE0-EBB07E0709E3}.Release|Any CPU.Build.0 = Release|Any CPU
		{509FF664-D733-4A62-B372-4EDC31127FC1}.Debug|Any CPU.ActiveCfg = Debug|Any CPU
		{509FF664-D733-4A62-B372-4EDC31127FC1}.Debug|Any CPU.Build.0 = Debug|Any CPU
		{509FF664-D733-4A62-B372-4EDC31127FC1}.Release|Any CPU.ActiveCfg = Release|Any CPU
		{509FF664-D733-4A62-B372-4EDC31127FC1}.Release|Any CPU.Build.0 = Release|Any CPU
	EndGlobalSection
	GlobalSection(SolutionProperties) = preSolution
		HideSolutionNode = FALSE
	EndGlobalSection
	GlobalSection(NestedProjects) = preSolution
		{37C4F5E7-DDE5-41E6-848C-5BD84504811D} = {05C90F29-FC03-42E2-B41B-49FCC96D258C}
		{60A906E1-8AB8-4C77-B9DF-CAAE8EDEE34A} = {20C4E5BE-A09E-49DF-B4D2-F01785B7D483}
		{F242A115-6211-403A-B712-70CC007DFF21} = {20C4E5BE-A09E-49DF-B4D2-F01785B7D483}
		{E41838C8-3010-4B92-91D4-712D1B1AF559} = {20C4E5BE-A09E-49DF-B4D2-F01785B7D483}
		{F8FBAF74-D61A-4F8C-B8A2-714153D50B66} = {20C4E5BE-A09E-49DF-B4D2-F01785B7D483}
		{010F88BC-B1F7-46FD-9DB2-3E31E81D424B} = {20C4E5BE-A09E-49DF-B4D2-F01785B7D483}
		{170616E5-408C-4268-A603-FCC61641A78E} = {20C4E5BE-A09E-49DF-B4D2-F01785B7D483}
		{6C3EF1E9-4871-476F-855F-24C13B529C4A} = {20A10D9B-F726-43F2-A6CA-7A372DA05495}
		{66DDCEAF-CFDF-4E7D-A5DA-BCB880A4090C} = {20A10D9B-F726-43F2-A6CA-7A372DA05495}
		{23002594-1570-425F-AB42-CDCA01056239} = {20A10D9B-F726-43F2-A6CA-7A372DA05495}
		{25E03AE8-EB98-4B37-8BE0-EBB07E0709E3} = {20A10D9B-F726-43F2-A6CA-7A372DA05495}
		{509FF664-D733-4A62-B372-4EDC31127FC1} = {20A10D9B-F726-43F2-A6CA-7A372DA05495}
	EndGlobalSection
	GlobalSection(ExtensibilityGlobals) = postSolution
		SolutionGuid = {E5AD2391-38B4-44E5-8108-67CEB8811637}
	EndGlobalSection
EndGlobal
